
Microsoft Visual Studio Solution File, Format Version 12.00
# Visual Studio 14
VisualStudioVersion = 14.0.25420.1
MinimumVisualStudioVersion = 10.0.40219.1
Project("{FAE04EC0-301F-11D3-BF4B-00C04F79EFBC}") = "CSVReader.Black", "CSVReader.Black\CSVReader.Black.csproj", "{414E3094-F5D0-4827-B899-BB6FB030FEDB}"
EndProject
Global
	GlobalSection(SolutionConfigurationPlatforms) = preSolution
		Debug|Any CPU = Debug|Any CPU
		Release|Any CPU = Release|Any CPU
	EndGlobalSection
	GlobalSection(ProjectConfigurationPlatforms) = postSolution
		{414E3094-F5D0-4827-B899-BB6FB030FEDB}.Debug|Any CPU.ActiveCfg = Debug|Any CPU
		{414E3094-F5D0-4827-B899-BB6FB030FEDB}.Debug|Any CPU.Build.0 = Debug|Any CPU
		{414E3094-F5D0-4827-B899-BB6FB030FEDB}.Release|Any CPU.ActiveCfg = Release|Any CPU
		{414E3094-F5D0-4827-B899-BB6FB030FEDB}.Release|Any CPU.Build.0 = Release|Any CPU
	EndGlobalSection
	GlobalSection(SolutionProperties) = preSolution
		HideSolutionNode = FALSE
	EndGlobalSection
EndGlobal
